// !$*UTF8*$!
{
	archiveVersion = 1;
	classes = {
	};
	objectVersion = 46;
	objects = {

/* Begin PBXBuildFile section */
		D63E2FEE1E5A3FA200D9314A /* A1p1E.cpp in Sources */ = {isa = PBXBuildFile; fileRef = D63E2FED1E5A3FA200D9314A /* A1p1E.cpp */; };
		D63E2FF31E5A3FC600D9314A /* Algorithm.cpp in Sources */ = {isa = PBXBuildFile; fileRef = D63E2FF01E5A3FC600D9314A /* Algorithm.cpp */; };
		D63E2FF41E5A3FC600D9314A /* main.cpp in Sources */ = {isa = PBXBuildFile; fileRef = D63E2FF21E5A3FC600D9314A /* main.cpp */; };
/* End PBXBuildFile section */

/* Begin PBXCopyFilesBuildPhase section */
		D69134901E5A375F00EDC719 /* CopyFiles */ = {
			isa = PBXCopyFilesBuildPhase;
			buildActionMask = 2147483647;
			dstPath = /usr/share/man/man1/;
			dstSubfolderSpec = 0;
			files = (
			);
			runOnlyForDeploymentPostprocessing = 1;
		};
/* End PBXCopyFilesBuildPhase section */

/* Begin PBXFileReference section */
		D63E2FED1E5A3FA200D9314A /* A1p1E.cpp */ = {isa = PBXFileReference; fileEncoding = 4; lastKnownFileType = sourcecode.cpp.cpp; name = A1p1E.cpp; path = aocp/A1p1E.cpp; sourceTree = SOURCE_ROOT; };
		D63E2FEF1E5A3FA700D9314A /* A1p1E.h */ = {isa = PBXFileReference; lastKnownFileType = sourcecode.c.h; name = A1p1E.h; path = aocp/A1p1E.h; sourceTree = SOURCE_ROOT; };
		D63E2FF01E5A3FC600D9314A /* Algorithm.cpp */ = {isa = PBXFileReference; fileEncoding = 4; lastKnownFileType = sourcecode.cpp.cpp; name = Algorithm.cpp; path = aocp/Algorithm.cpp; sourceTree = SOURCE_ROOT; };
		D63E2FF11E5A3FC600D9314A /* Algorithm.h */ = {isa = PBXFileReference; fileEncoding = 4; lastKnownFileType = sourcecode.c.h; name = Algorithm.h; path = aocp/Algorithm.h; sourceTree = SOURCE_ROOT; };
		D63E2FF21E5A3FC600D9314A /* main.cpp */ = {isa = PBXFileReference; fileEncoding = 4; lastKnownFileType = sourcecode.cpp.cpp; name = main.cpp; path = aocp/main.cpp; sourceTree = SOURCE_ROOT; };
		D69134921E5A375F00EDC719 /* Art Of Computer Programming */ = {isa = PBXFileReference; explicitFileType = "compiled.mach-o.executable"; includeInIndex = 0; path = "Art Of Computer Programming"; sourceTree = BUILT_PRODUCTS_DIR; };
/* End PBXFileReference section */

/* Begin PBXFrameworksBuildPhase section */
		D691348F1E5A375F00EDC719 /* Frameworks */ = {
			isa = PBXFrameworksBuildPhase;
			buildActionMask = 2147483647;
			files = (
			);
			runOnlyForDeploymentPostprocessing = 0;
		};
/* End PBXFrameworksBuildPhase section */

/* Begin PBXGroup section */
		D69134891E5A375F00EDC719 = {
			isa = PBXGroup;
			children = (
				D69134941E5A375F00EDC719 /* Art Of Computer Programming */,
				D69134931E5A375F00EDC719 /* Products */,
			);
			sourceTree = "<group>";
		};
		D69134931E5A375F00EDC719 /* Products */ = {
			isa = PBXGroup;
			children = (
				D69134921E5A375F00EDC719 /* Art Of Computer Programming */,
			);
			name = Products;
			sourceTree = "<group>";
		};
		D69134941E5A375F00EDC719 /* Art Of Computer Programming */ = {
			isa = PBXGroup;
			children = (
				D63E2FF01E5A3FC600D9314A /* Algorithm.cpp */,
				D63E2FF11E5A3FC600D9314A /* Algorithm.h */,
				D63E2FF21E5A3FC600D9314A /* main.cpp */,
				D691349C1E5A376600EDC719 /* Vol1 */,
			);
			path = "Art Of Computer Programming";
			sourceTree = "<group>";
		};
		D691349C1E5A376600EDC719 /* Vol1 */ = {
			isa = PBXGroup;
			children = (
				D691349D1E5A376D00EDC719 /* Chap1 */,
			);
			name = Vol1;
			sourceTree = "<group>";
		};
		D691349D1E5A376D00EDC719 /* Chap1 */ = {
			isa = PBXGroup;
			children = (
				D63E2FED1E5A3FA200D9314A /* A1p1E.cpp */,
				D63E2FEF1E5A3FA700D9314A /* A1p1E.h */,
			);
			name = Chap1;
			sourceTree = "<group>";
		};
/* End PBXGroup section */

/* Begin PBXNativeTarget section */
		D69134911E5A375F00EDC719 /* Art Of Computer Programming */ = {
			isa = PBXNativeTarget;
			buildConfigurationList = D69134991E5A375F00EDC719 /* Build configuration list for PBXNativeTarget "Art Of Computer Programming" */;
			buildPhases = (
				D691348E1E5A375F00EDC719 /* Sources */,
				D691348F1E5A375F00EDC719 /* Frameworks */,
				D69134901E5A375F00EDC719 /* CopyFiles */,
			);
			buildRules = (
			);
			dependencies = (
			);
			name = "Art Of Computer Programming";
			productName = "Art Of Computer Programming";
			productReference = D69134921E5A375F00EDC719 /* Art Of Computer Programming */;
			productType = "com.apple.product-type.tool";
		};
/* End PBXNativeTarget section */

/* Begin PBXProject section */
		D691348A1E5A375F00EDC719 /* Project object */ = {
			isa = PBXProject;
			attributes = {
				LastUpgradeCheck = 0820;
				TargetAttributes = {
					D69134911E5A375F00EDC719 = {
						CreatedOnToolsVersion = 8.2.1;
						DevelopmentTeam = 962W9EBAYC;
						ProvisioningStyle = Automatic;
					};
				};
			};
			buildConfigurationList = D691348D1E5A375F00EDC719 /* Build configuration list for PBXProject "aocp" */;
			compatibilityVersion = "Xcode 3.2";
			developmentRegion = English;
			hasScannedForEncodings = 0;
			knownRegions = (
				en,
			);
			mainGroup = D69134891E5A375F00EDC719;
			productRefGroup = D69134931E5A375F00EDC719 /* Products */;
			projectDirPath = "";
			projectRoot = "";
			targets = (
				D69134911E5A375F00EDC719 /* Art Of Computer Programming */,
			);
		};
/* End PBXProject section */

/* Begin PBXSourcesBuildPhase section */
		D691348E1E5A375F00EDC719 /* Sources */ = {
			isa = PBXSourcesBuildPhase;
			buildActionMask = 2147483647;
			files = (
				D63E2FF31E5A3FC600D9314A /* Algorithm.cpp in Sources */,
				D63E2FEE1E5A3FA200D9314A /* A1p1E.cpp in Sources */,
				D63E2FF41E5A3FC600D9314A /* main.cpp in Sources */,
			);
			runOnlyForDeploymentPostprocessing = 0;
		};
/* End PBXSourcesBuildPhase section */

/* Begin XCBuildConfiguration section */
		D69134971E5A375F00EDC719 /* Debug */ = {
			isa = XCBuildConfiguration;
			buildSettings = {
				ALWAYS_SEARCH_USER_PATHS = NO;
				CLANG_ANALYZER_NONNULL = YES;
				CLANG_CXX_LANGUAGE_STANDARD = "c++14";
				CLANG_CXX_LIBRARY = "libc++";
				CLANG_ENABLE_MODULES = YES;
				CLANG_ENABLE_OBJC_ARC = YES;
				CLANG_WARN_BOOL_CONVERSION = YES;
				CLANG_WARN_CONSTANT_CONVERSION = YES;
				CLANG_WARN_DIRECT_OBJC_ISA_USAGE = YES_ERROR;
				CLANG_WARN_DOCUMENTATION_COMMENTS = YES;
				CLANG_WARN_EMPTY_BODY = YES;
				CLANG_WARN_ENUM_CONVERSION = YES;
				CLANG_WARN_INFINITE_RECURSION = YES;
				CLANG_WARN_INT_CONVERSION = YES;
				CLANG_WARN_OBJC_ROOT_CLASS = YES_ERROR;
				CLANG_WARN_SUSPICIOUS_MOVE = YES;
				CLANG_WARN_UNREACHABLE_CODE = YES;
				CLANG_WARN__DUPLICATE_METHOD_MATCH = YES;
				CODE_SIGN_IDENTITY = "-";
				COPY_PHASE_STRIP = NO;
				DEBUG_INFORMATION_FORMAT = dwarf;
				ENABLE_STRICT_OBJC_MSGSEND = YES;
				ENABLE_TESTABILITY = YES;
				GCC_C_LANGUAGE_STANDARD = gnu99;
				GCC_DYNAMIC_NO_PIC = NO;
				GCC_NO_COMMON_BLOCKS = YES;
				GCC_OPTIMIZATION_LEVEL = 0;
				GCC_PREPROCESSOR_DEFINITIONS = (
					"DEBUG=1",
					"$(inherited)",
				);
				GCC_WARN_64_TO_32_BIT_CONVERSION = YES;
				GCC_WARN_ABOUT_RETURN_TYPE = YES_ERROR;
				GCC_WARN_UNDECLARED_SELECTOR = YES;
				GCC_WARN_UNINITIALIZED_AUTOS = YES_AGGRESSIVE;
				GCC_WARN_UNUSED_FUNCTION = YES;
				GCC_WARN_UNUSED_VARIABLE = YES;
				MACOSX_DEPLOYMENT_TARGET = 10.12;
				MTL_ENABLE_DEBUG_INFO = YES;
				ONLY_ACTIVE_ARCH = YES;
				SDKROOT = macosx;
			};
			name = Debug;
		};
		D69134981E5A375F00EDC719 /* Release */ = {
			isa = XCBuildConfiguration;
			buildSettings = {
				ALWAYS_SEARCH_USER_PATHS = NO;
				CLANG_ANALYZER_NONNULL = YES;
				CLANG_CXX_LANGUAGE_STANDARD = "c++14";
				CLANG_CXX_LIBRARY = "libc++";
				CLANG_ENABLE_MODULES = YES;
				CLANG_ENABLE_OBJC_ARC = YES;
				CLANG_WARN_BOOL_CONVERSION = YES;
				CLANG_WARN_CONSTANT_CONVERSION = YES;
				CLANG_WARN_DIRECT_OBJC_ISA_USAGE = YES_ERROR;
				CLANG_WARN_DOCUMENTATION_COMMENTS = YES;
				CLANG_WARN_EMPTY_BODY = YES;
				CLANG_WARN_ENUM_CONVERSION = YES;
				CLANG_WARN_INFINITE_RECURSION = YES;
				CLANG_WARN_INT_CONVERSION = YES;
				CLANG_WARN_OBJC_ROOT_CLASS = YES_ERROR;
				CLANG_WARN_SUSPICIOUS_MOVE = YES;
				CLANG_WARN_UNREACHABLE_CODE = YES;
				CLANG_WARN__DUPLICATE_METHOD_MATCH = YES;
				CODE_SIGN_IDENTITY = "-";
				COPY_PHASE_STRIP = NO;
				DEBUG_INFORMATION_FORMAT = "dwarf-with-dsym";
				ENABLE_NS_ASSERTIONS = NO;
				ENABLE_STRICT_OBJC_MSGSEND = YES;
				GCC_C_LANGUAGE_STANDARD = gnu99;
				GCC_NO_COMMON_BLOCKS = YES;
				GCC_WARN_64_TO_32_BIT_CONVERSION = YES;
				GCC_WARN_ABOUT_RETURN_TYPE = YES_ERROR;
				GCC_WARN_UNDECLARED_SELECTOR = YES;
				GCC_WARN_UNINITIALIZED_AUTOS = YES_AGGRESSIVE;
				GCC_WARN_UNUSED_FUNCTION = YES;
				GCC_WARN_UNUSED_VARIABLE = YES;
				MACOSX_DEPLOYMENT_TARGET = 10.12;
				MTL_ENABLE_DEBUG_INFO = NO;
				SDKROOT = macosx;
			};
			name = Release;
		};
		D691349A1E5A375F00EDC719 /* Debug */ = {
			isa = XCBuildConfiguration;
			buildSettings = {
				DEVELOPMENT_TEAM = 962W9EBAYC;
				PRODUCT_NAME = "$(TARGET_NAME)";
			};
			name = Debug;
		};
		D691349B1E5A375F00EDC719 /* Release */ = {
			isa = XCBuildConfiguration;
			buildSettings = {
				DEVELOPMENT_TEAM = 962W9EBAYC;
				PRODUCT_NAME = "$(TARGET_NAME)";
			};
			name = Release;
		};
/* End XCBuildConfiguration section */

/* Begin XCConfigurationList section */
		D691348D1E5A375F00EDC719 /* Build configuration list for PBXProject "aocp" */ = {
			isa = XCConfigurationList;
			buildConfigurations = (
				D69134971E5A375F00EDC719 /* Debug */,
				D69134981E5A375F00EDC719 /* Release */,
			);
			defaultConfigurationIsVisible = 0;
			defaultConfigurationName = Release;
		};
		D69134991E5A375F00EDC719 /* Build configuration list for PBXNativeTarget "Art Of Computer Programming" */ = {
			isa = XCConfigurationList;
			buildConfigurations = (
				D691349A1E5A375F00EDC719 /* Debug */,
				D691349B1E5A375F00EDC719 /* Release */,
			);
			defaultConfigurationIsVisible = 0;
			defaultConfigurationName = Release;
		};
/* End XCConfigurationList section */
	};
	rootObject = D691348A1E5A375F00EDC719 /* Project object */;
}
